// !$*UTF8*$!
{
	archiveVersion = 1;
	classes = {
	};
	objectVersion = 55;
	objects = {

/* Begin PBXBuildFile section */
		B9C04943293C551900B8175F /* AppDelegate.swift in Sources */ = {isa = PBXBuildFile; fileRef = B9C04942293C551900B8175F /* AppDelegate.swift */; };
		B9C04945293C551900B8175F /* SceneDelegate.swift in Sources */ = {isa = PBXBuildFile; fileRef = B9C04944293C551900B8175F /* SceneDelegate.swift */; };
		B9C04947293C551900B8175F /* ViewController.swift in Sources */ = {isa = PBXBuildFile; fileRef = B9C04946293C551900B8175F /* ViewController.swift */; };
		B9C0494A293C551900B8175F /* Main.storyboard in Resources */ = {isa = PBXBuildFile; fileRef = B9C04948293C551900B8175F /* Main.storyboard */; };
		B9C0494C293C551B00B8175F /* Assets.xcassets in Resources */ = {isa = PBXBuildFile; fileRef = B9C0494B293C551B00B8175F /* Assets.xcassets */; };
		B9C0494F293C551B00B8175F /* LaunchScreen.storyboard in Resources */ = {isa = PBXBuildFile; fileRef = B9C0494D293C551B00B8175F /* LaunchScreen.storyboard */; };
		B9C0495A293C551B00B8175F /* TodoeyTests.swift in Sources */ = {isa = PBXBuildFile; fileRef = B9C04959293C551B00B8175F /* TodoeyTests.swift */; };
		B9C04964293C551B00B8175F /* TodoeyUITests.swift in Sources */ = {isa = PBXBuildFile; fileRef = B9C04963293C551B00B8175F /* TodoeyUITests.swift */; };
		B9C04966293C551B00B8175F /* TodoeyUITestsLaunchTests.swift in Sources */ = {isa = PBXBuildFile; fileRef = B9C04965293C551B00B8175F /* TodoeyUITestsLaunchTests.swift */; };
/* End PBXBuildFile section */

/* Begin PBXContainerItemProxy section */
		B9C04956293C551B00B8175F /* PBXContainerItemProxy */ = {
			isa = PBXContainerItemProxy;
			containerPortal = B9C04937293C551900B8175F /* Project object */;
			proxyType = 1;
			remoteGlobalIDString = B9C0493E293C551900B8175F;
			remoteInfo = Todoey;
		};
		B9C04960293C551B00B8175F /* PBXContainerItemProxy */ = {
			isa = PBXContainerItemProxy;
			containerPortal = B9C04937293C551900B8175F /* Project object */;
			proxyType = 1;
			remoteGlobalIDString = B9C0493E293C551900B8175F;
			remoteInfo = Todoey;
		};
/* End PBXContainerItemProxy section */

/* Begin PBXFileReference section */
		B9C0493F293C551900B8175F /* Todoey.app */ = {isa = PBXFileReference; explicitFileType = wrapper.application; includeInIndex = 0; path = Todoey.app; sourceTree = BUILT_PRODUCTS_DIR; };
		B9C04942293C551900B8175F /* AppDelegate.swift */ = {isa = PBXFileReference; lastKnownFileType = sourcecode.swift; path = AppDelegate.swift; sourceTree = "<group>"; };
		B9C04944293C551900B8175F /* SceneDelegate.swift */ = {isa = PBXFileReference; lastKnownFileType = sourcecode.swift; path = SceneDelegate.swift; sourceTree = "<group>"; };
		B9C04946293C551900B8175F /* ViewController.swift */ = {isa = PBXFileReference; lastKnownFileType = sourcecode.swift; path = ViewController.swift; sourceTree = "<group>"; };
		B9C04949293C551900B8175F /* Base */ = {isa = PBXFileReference; lastKnownFileType = file.storyboard; name = Base; path = Base.lproj/Main.storyboard; sourceTree = "<group>"; };
		B9C0494B293C551B00B8175F /* Assets.xcassets */ = {isa = PBXFileReference; lastKnownFileType = folder.assetcatalog; path = Assets.xcassets; sourceTree = "<group>"; };
		B9C0494E293C551B00B8175F /* Base */ = {isa = PBXFileReference; lastKnownFileType = file.storyboard; name = Base; path = Base.lproj/LaunchScreen.storyboard; sourceTree = "<group>"; };
		B9C04950293C551B00B8175F /* Info.plist */ = {isa = PBXFileReference; lastKnownFileType = text.plist.xml; path = Info.plist; sourceTree = "<group>"; };
		B9C04955293C551B00B8175F /* TodoeyTests.xctest */ = {isa = PBXFileReference; explicitFileType = wrapper.cfbundle; includeInIndex = 0; path = TodoeyTests.xctest; sourceTree = BUILT_PRODUCTS_DIR; };
		B9C04959293C551B00B8175F /* TodoeyTests.swift */ = {isa = PBXFileReference; lastKnownFileType = sourcecode.swift; path = TodoeyTests.swift; sourceTree = "<group>"; };
		B9C0495F293C551B00B8175F /* TodoeyUITests.xctest */ = {isa = PBXFileReference; explicitFileType = wrapper.cfbundle; includeInIndex = 0; path = TodoeyUITests.xctest; sourceTree = BUILT_PRODUCTS_DIR; };
		B9C04963293C551B00B8175F /* TodoeyUITests.swift */ = {isa = PBXFileReference; lastKnownFileType = sourcecode.swift; path = TodoeyUITests.swift; sourceTree = "<group>"; };
		B9C04965293C551B00B8175F /* TodoeyUITestsLaunchTests.swift */ = {isa = PBXFileReference; lastKnownFileType = sourcecode.swift; path = TodoeyUITestsLaunchTests.swift; sourceTree = "<group>"; };
/* End PBXFileReference section */

/* Begin PBXFrameworksBuildPhase section */
		B9C0493C293C551900B8175F /* Frameworks */ = {
			isa = PBXFrameworksBuildPhase;
			buildActionMask = 2147483647;
			files = (
			);
			runOnlyForDeploymentPostprocessing = 0;
		};
		B9C04952293C551B00B8175F /* Frameworks */ = {
			isa = PBXFrameworksBuildPhase;
			buildActionMask = 2147483647;
			files = (
			);
			runOnlyForDeploymentPostprocessing = 0;
		};
		B9C0495C293C551B00B8175F /* Frameworks */ = {
			isa = PBXFrameworksBuildPhase;
			buildActionMask = 2147483647;
			files = (
			);
			runOnlyForDeploymentPostprocessing = 0;
		};
/* End PBXFrameworksBuildPhase section */

/* Begin PBXGroup section */
		B9C04936293C551900B8175F = {
			isa = PBXGroup;
			children = (
				B9C04941293C551900B8175F /* Todoey */,
				B9C04958293C551B00B8175F /* TodoeyTests */,
				B9C04962293C551B00B8175F /* TodoeyUITests */,
				B9C04940293C551900B8175F /* Products */,
			);
			sourceTree = "<group>";
		};
		B9C04940293C551900B8175F /* Products */ = {
			isa = PBXGroup;
			children = (
				B9C0493F293C551900B8175F /* Todoey.app */,
				B9C04955293C551B00B8175F /* TodoeyTests.xctest */,
				B9C0495F293C551B00B8175F /* TodoeyUITests.xctest */,
			);
			name = Products;
			sourceTree = "<group>";
		};
		B9C04941293C551900B8175F /* Todoey */ = {
			isa = PBXGroup;
			children = (
				B9C04942293C551900B8175F /* AppDelegate.swift */,
				B9C04944293C551900B8175F /* SceneDelegate.swift */,
				B9C04973293C585000B8175F /* Controller */,
				B9C04972293C584100B8175F /* View */,
				B9C0494B293C551B00B8175F /* Assets.xcassets */,
				B9C0494D293C551B00B8175F /* LaunchScreen.storyboard */,
				B9C04950293C551B00B8175F /* Info.plist */,
			);
			path = Todoey;
			sourceTree = "<group>";
		};
		B9C04958293C551B00B8175F /* TodoeyTests */ = {
			isa = PBXGroup;
			children = (
				B9C04959293C551B00B8175F /* TodoeyTests.swift */,
			);
			path = TodoeyTests;
			sourceTree = "<group>";
		};
		B9C04962293C551B00B8175F /* TodoeyUITests */ = {
			isa = PBXGroup;
			children = (
				B9C04963293C551B00B8175F /* TodoeyUITests.swift */,
				B9C04965293C551B00B8175F /* TodoeyUITestsLaunchTests.swift */,
			);
			path = TodoeyUITests;
			sourceTree = "<group>";
		};
		B9C04972293C584100B8175F /* View */ = {
			isa = PBXGroup;
			children = (
				B9C04948293C551900B8175F /* Main.storyboard */,
			);
			path = View;
			sourceTree = "<group>";
		};
		B9C04973293C585000B8175F /* Controller */ = {
			isa = PBXGroup;
			children = (
				B9C04946293C551900B8175F /* ViewController.swift */,
			);
			path = Controller;
			sourceTree = "<group>";
		};
/* End PBXGroup section */

/* Begin PBXNativeTarget section */
		B9C0493E293C551900B8175F /* Todoey */ = {
			isa = PBXNativeTarget;
			buildConfigurationList = B9C04969293C551B00B8175F /* Build configuration list for PBXNativeTarget "Todoey" */;
			buildPhases = (
				B9C0493B293C551900B8175F /* Sources */,
				B9C0493C293C551900B8175F /* Frameworks */,
				B9C0493D293C551900B8175F /* Resources */,
			);
			buildRules = (
			);
			dependencies = (
			);
			name = Todoey;
			productName = Todoey;
			productReference = B9C0493F293C551900B8175F /* Todoey.app */;
			productType = "com.apple.product-type.application";
		};
		B9C04954293C551B00B8175F /* TodoeyTests */ = {
			isa = PBXNativeTarget;
			buildConfigurationList = B9C0496C293C551B00B8175F /* Build configuration list for PBXNativeTarget "TodoeyTests" */;
			buildPhases = (
				B9C04951293C551B00B8175F /* Sources */,
				B9C04952293C551B00B8175F /* Frameworks */,
				B9C04953293C551B00B8175F /* Resources */,
			);
			buildRules = (
			);
			dependencies = (
				B9C04957293C551B00B8175F /* PBXTargetDependency */,
			);
			name = TodoeyTests;
			productName = TodoeyTests;
			productReference = B9C04955293C551B00B8175F /* TodoeyTests.xctest */;
			productType = "com.apple.product-type.bundle.unit-test";
		};
		B9C0495E293C551B00B8175F /* TodoeyUITests */ = {
			isa = PBXNativeTarget;
			buildConfigurationList = B9C0496F293C551B00B8175F /* Build configuration list for PBXNativeTarget "TodoeyUITests" */;
			buildPhases = (
				B9C0495B293C551B00B8175F /* Sources */,
				B9C0495C293C551B00B8175F /* Frameworks */,
				B9C0495D293C551B00B8175F /* Resources */,
			);
			buildRules = (
			);
			dependencies = (
				B9C04961293C551B00B8175F /* PBXTargetDependency */,
			);
			name = TodoeyUITests;
			productName = TodoeyUITests;
			productReference = B9C0495F293C551B00B8175F /* TodoeyUITests.xctest */;
			productType = "com.apple.product-type.bundle.ui-testing";
		};
/* End PBXNativeTarget section */

/* Begin PBXProject section */
		B9C04937293C551900B8175F /* Project object */ = {
			isa = PBXProject;
			attributes = {
				BuildIndependentTargetsInParallel = 1;
				LastSwiftUpdateCheck = 1340;
				LastUpgradeCheck = 1340;
				TargetAttributes = {
					B9C0493E293C551900B8175F = {
						CreatedOnToolsVersion = 13.4.1;
					};
					B9C04954293C551B00B8175F = {
						CreatedOnToolsVersion = 13.4.1;
						TestTargetID = B9C0493E293C551900B8175F;
					};
					B9C0495E293C551B00B8175F = {
						CreatedOnToolsVersion = 13.4.1;
						TestTargetID = B9C0493E293C551900B8175F;
					};
				};
			};
			buildConfigurationList = B9C0493A293C551900B8175F /* Build configuration list for PBXProject "Todoey" */;
			compatibilityVersion = "Xcode 13.0";
			developmentRegion = en;
			hasScannedForEncodings = 0;
			knownRegions = (
				en,
				Base,
			);
			mainGroup = B9C04936293C551900B8175F;
			productRefGroup = B9C04940293C551900B8175F /* Products */;
			projectDirPath = "";
			projectRoot = "";
			targets = (
				B9C0493E293C551900B8175F /* Todoey */,
				B9C04954293C551B00B8175F /* TodoeyTests */,
				B9C0495E293C551B00B8175F /* TodoeyUITests */,
			);
		};
/* End PBXProject section */

/* Begin PBXResourcesBuildPhase section */
		B9C0493D293C551900B8175F /* Resources */ = {
			isa = PBXResourcesBuildPhase;
			buildActionMask = 2147483647;
			files = (
				B9C0494F293C551B00B8175F /* LaunchScreen.storyboard in Resources */,
				B9C0494C293C551B00B8175F /* Assets.xcassets in Resources */,
				B9C0494A293C551900B8175F /* Main.storyboard in Resources */,
			);
			runOnlyForDeploymentPostprocessing = 0;
		};
		B9C04953293C551B00B8175F /* Resources */ = {
			isa = PBXResourcesBuildPhase;
			buildActionMask = 2147483647;
			files = (
			);
			runOnlyForDeploymentPostprocessing = 0;
		};
		B9C0495D293C551B00B8175F /* Resources */ = {
			isa = PBXResourcesBuildPhase;
			buildActionMask = 2147483647;
			files = (
			);
			runOnlyForDeploymentPostprocessing = 0;
		};
/* End PBXResourcesBuildPhase section */

/* Begin PBXSourcesBuildPhase section */
		B9C0493B293C551900B8175F /* Sources */ = {
			isa = PBXSourcesBuildPhase;
			buildActionMask = 2147483647;
			files = (
				B9C04947293C551900B8175F /* ViewController.swift in Sources */,
				B9C04943293C551900B8175F /* AppDelegate.swift in Sources */,
				B9C04945293C551900B8175F /* SceneDelegate.swift in Sources */,
			);
			runOnlyForDeploymentPostprocessing = 0;
		};
		B9C04951293C551B00B8175F /* Sources */ = {
			isa = PBXSourcesBuildPhase;
			buildActionMask = 2147483647;
			files = (
				B9C0495A293C551B00B8175F /* TodoeyTests.swift in Sources */,
			);
			runOnlyForDeploymentPostprocessing = 0;
		};
		B9C0495B293C551B00B8175F /* Sources */ = {
			isa = PBXSourcesBuildPhase;
			buildActionMask = 2147483647;
			files = (
				B9C04966293C551B00B8175F /* TodoeyUITestsLaunchTests.swift in Sources */,
				B9C04964293C551B00B8175F /* TodoeyUITests.swift in Sources */,
			);
			runOnlyForDeploymentPostprocessing = 0;
		};
/* End PBXSourcesBuildPhase section */

/* Begin PBXTargetDependency section */
		B9C04957293C551B00B8175F /* PBXTargetDependency */ = {
			isa = PBXTargetDependency;
			target = B9C0493E293C551900B8175F /* Todoey */;
			targetProxy = B9C04956293C551B00B8175F /* PBXContainerItemProxy */;
		};
		B9C04961293C551B00B8175F /* PBXTargetDependency */ = {
			isa = PBXTargetDependency;
			target = B9C0493E293C551900B8175F /* Todoey */;
			targetProxy = B9C04960293C551B00B8175F /* PBXContainerItemProxy */;
		};
/* End PBXTargetDependency section */

/* Begin PBXVariantGroup section */
		B9C04948293C551900B8175F /* Main.storyboard */ = {
			isa = PBXVariantGroup;
			children = (
				B9C04949293C551900B8175F /* Base */,
			);
			name = Main.storyboard;
			sourceTree = "<group>";
		};
		B9C0494D293C551B00B8175F /* LaunchScreen.storyboard */ = {
			isa = PBXVariantGroup;
			children = (
				B9C0494E293C551B00B8175F /* Base */,
			);
			name = LaunchScreen.storyboard;
			sourceTree = "<group>";
		};
/* End PBXVariantGroup section */

/* Begin XCBuildConfiguration section */
		B9C04967293C551B00B8175F /* Debug */ = {
			isa = XCBuildConfiguration;
			buildSettings = {
				ALWAYS_SEARCH_USER_PATHS = NO;
				CLANG_ANALYZER_NONNULL = YES;
				CLANG_ANALYZER_NUMBER_OBJECT_CONVERSION = YES_AGGRESSIVE;
				CLANG_CXX_LANGUAGE_STANDARD = "gnu++17";
				CLANG_ENABLE_MODULES = YES;
				CLANG_ENABLE_OBJC_ARC = YES;
				CLANG_ENABLE_OBJC_WEAK = YES;
				CLANG_WARN_BLOCK_CAPTURE_AUTORELEASING = YES;
				CLANG_WARN_BOOL_CONVERSION = YES;
				CLANG_WARN_COMMA = YES;
				CLANG_WARN_CONSTANT_CONVERSION = YES;
				CLANG_WARN_DEPRECATED_OBJC_IMPLEMENTATIONS = YES;
				CLANG_WARN_DIRECT_OBJC_ISA_USAGE = YES_ERROR;
				CLANG_WARN_DOCUMENTATION_COMMENTS = YES;
				CLANG_WARN_EMPTY_BODY = YES;
				CLANG_WARN_ENUM_CONVERSION = YES;
				CLANG_WARN_INFINITE_RECURSION = YES;
				CLANG_WARN_INT_CONVERSION = YES;
				CLANG_WARN_NON_LITERAL_NULL_CONVERSION = YES;
				CLANG_WARN_OBJC_IMPLICIT_RETAIN_SELF = YES;
				CLANG_WARN_OBJC_LITERAL_CONVERSION = YES;
				CLANG_WARN_OBJC_ROOT_CLASS = YES_ERROR;
				CLANG_WARN_QUOTED_INCLUDE_IN_FRAMEWORK_HEADER = YES;
				CLANG_WARN_RANGE_LOOP_ANALYSIS = YES;
				CLANG_WARN_STRICT_PROTOTYPES = YES;
				CLANG_WARN_SUSPICIOUS_MOVE = YES;
				CLANG_WARN_UNGUARDED_AVAILABILITY = YES_AGGRESSIVE;
				CLANG_WARN_UNREACHABLE_CODE = YES;
				CLANG_WARN__DUPLICATE_METHOD_MATCH = YES;
				COPY_PHASE_STRIP = NO;
				DEBUG_INFORMATION_FORMAT = dwarf;
				ENABLE_STRICT_OBJC_MSGSEND = YES;
				ENABLE_TESTABILITY = YES;
				GCC_C_LANGUAGE_STANDARD = gnu11;
				GCC_DYNAMIC_NO_PIC = NO;
				GCC_NO_COMMON_BLOCKS = YES;
				GCC_OPTIMIZATION_LEVEL = 0;
				GCC_PREPROCESSOR_DEFINITIONS = (
					"DEBUG=1",
					"$(inherited)",
				);
				GCC_WARN_64_TO_32_BIT_CONVERSION = YES;
				GCC_WARN_ABOUT_RETURN_TYPE = YES_ERROR;
				GCC_WARN_UNDECLARED_SELECTOR = YES;
				GCC_WARN_UNINITIALIZED_AUTOS = YES_AGGRESSIVE;
				GCC_WARN_UNUSED_FUNCTION = YES;
				GCC_WARN_UNUSED_VARIABLE = YES;
				IPHONEOS_DEPLOYMENT_TARGET = 15.5;
				MTL_ENABLE_DEBUG_INFO = INCLUDE_SOURCE;
				MTL_FAST_MATH = YES;
				ONLY_ACTIVE_ARCH = YES;
				SDKROOT = iphoneos;
				SWIFT_ACTIVE_COMPILATION_CONDITIONS = DEBUG;
				SWIFT_OPTIMIZATION_LEVEL = "-Onone";
			};
			name = Debug;
		};
		B9C04968293C551B00B8175F /* Release */ = {
			isa = XCBuildConfiguration;
			buildSettings = {
				ALWAYS_SEARCH_USER_PATHS = NO;
				CLANG_ANALYZER_NONNULL = YES;
				CLANG_ANALYZER_NUMBER_OBJECT_CONVERSION = YES_AGGRESSIVE;
				CLANG_CXX_LANGUAGE_STANDARD = "gnu++17";
				CLANG_ENABLE_MODULES = YES;
				CLANG_ENABLE_OBJC_ARC = YES;
				CLANG_ENABLE_OBJC_WEAK = YES;
				CLANG_WARN_BLOCK_CAPTURE_AUTORELEASING = YES;
				CLANG_WARN_BOOL_CONVERSION = YES;
				CLANG_WARN_COMMA = YES;
				CLANG_WARN_CONSTANT_CONVERSION = YES;
				CLANG_WARN_DEPRECATED_OBJC_IMPLEMENTATIONS = YES;
				CLANG_WARN_DIRECT_OBJC_ISA_USAGE = YES_ERROR;
				CLANG_WARN_DOCUMENTATION_COMMENTS = YES;
				CLANG_WARN_EMPTY_BODY = YES;
				CLANG_WARN_ENUM_CONVERSION = YES;
				CLANG_WARN_INFINITE_RECURSION = YES;
				CLANG_WARN_INT_CONVERSION = YES;
				CLANG_WARN_NON_LITERAL_NULL_CONVERSION = YES;
				CLANG_WARN_OBJC_IMPLICIT_RETAIN_SELF = YES;
				CLANG_WARN_OBJC_LITERAL_CONVERSION = YES;
				CLANG_WARN_OBJC_ROOT_CLASS = YES_ERROR;
				CLANG_WARN_QUOTED_INCLUDE_IN_FRAMEWORK_HEADER = YES;
				CLANG_WARN_RANGE_LOOP_ANALYSIS = YES;
				CLANG_WARN_STRICT_PROTOTYPES = YES;
				CLANG_WARN_SUSPICIOUS_MOVE = YES;
				CLANG_WARN_UNGUARDED_AVAILABILITY = YES_AGGRESSIVE;
				CLANG_WARN_UNREACHABLE_CODE = YES;
				CLANG_WARN__DUPLICATE_METHOD_MATCH = YES;
				COPY_PHASE_STRIP = NO;
				DEBUG_INFORMATION_FORMAT = "dwarf-with-dsym";
				ENABLE_NS_ASSERTIONS = NO;
				ENABLE_STRICT_OBJC_MSGSEND = YES;
				GCC_C_LANGUAGE_STANDARD = gnu11;
				GCC_NO_COMMON_BLOCKS = YES;
				GCC_WARN_64_TO_32_BIT_CONVERSION = YES;
				GCC_WARN_ABOUT_RETURN_TYPE = YES_ERROR;
				GCC_WARN_UNDECLARED_SELECTOR = YES;
				GCC_WARN_UNINITIALIZED_AUTOS = YES_AGGRESSIVE;
				GCC_WARN_UNUSED_FUNCTION = YES;
				GCC_WARN_UNUSED_VARIABLE = YES;
				IPHONEOS_DEPLOYMENT_TARGET = 15.5;
				MTL_ENABLE_DEBUG_INFO = NO;
				MTL_FAST_MATH = YES;
				SDKROOT = iphoneos;
				SWIFT_COMPILATION_MODE = wholemodule;
				SWIFT_OPTIMIZATION_LEVEL = "-O";
				VALIDATE_PRODUCT = YES;
			};
			name = Release;
		};
		B9C0496A293C551B00B8175F /* Debug */ = {
			isa = XCBuildConfiguration;
			buildSettings = {
				ASSETCATALOG_COMPILER_APPICON_NAME = AppIcon;
				ASSETCATALOG_COMPILER_GLOBAL_ACCENT_COLOR_NAME = AccentColor;
				CODE_SIGN_STYLE = Automatic;
				CURRENT_PROJECT_VERSION = 1;
				DEVELOPMENT_TEAM = F2UW7L4Q5P;
				GENERATE_INFOPLIST_FILE = YES;
				INFOPLIST_FILE = Todoey/Info.plist;
				INFOPLIST_KEY_UIApplicationSupportsIndirectInputEvents = YES;
				INFOPLIST_KEY_UILaunchStoryboardName = LaunchScreen;
				INFOPLIST_KEY_UIMainStoryboardFile = Main;
				INFOPLIST_KEY_UISupportedInterfaceOrientations_iPad = "UIInterfaceOrientationPortrait UIInterfaceOrientationPortraitUpsideDown UIInterfaceOrientationLandscapeLeft UIInterfaceOrientationLandscapeRight";
				INFOPLIST_KEY_UISupportedInterfaceOrientations_iPhone = "UIInterfaceOrientationPortrait UIInterfaceOrientationLandscapeLeft UIInterfaceOrientationLandscapeRight";
				LD_RUNPATH_SEARCH_PATHS = (
					"$(inherited)",
					"@executable_path/Frameworks",
				);
				MARKETING_VERSION = 1.0.0;
				PRODUCT_BUNDLE_IDENTIFIER = com.jasman.Todoey;
				PRODUCT_NAME = "$(TARGET_NAME)";
				SWIFT_EMIT_LOC_STRINGS = YES;
				SWIFT_VERSION = 5.0;
				TARGETED_DEVICE_FAMILY = "1,2";
			};
			name = Debug;
		};
		B9C0496B293C551B00B8175F /* Release */ = {
			isa = XCBuildConfiguration;
			buildSettings = {
				ASSETCATALOG_COMPILER_APPICON_NAME = AppIcon;
				ASSETCATALOG_COMPILER_GLOBAL_ACCENT_COLOR_NAME = AccentColor;
				CODE_SIGN_STYLE = Automatic;
				CURRENT_PROJECT_VERSION = 1;
				DEVELOPMENT_TEAM = F2UW7L4Q5P;
				GENERATE_INFOPLIST_FILE = YES;
				INFOPLIST_FILE = Todoey/Info.plist;
				INFOPLIST_KEY_UIApplicationSupportsIndirectInputEvents = YES;
				INFOPLIST_KEY_UILaunchStoryboardName = LaunchScreen;
				INFOPLIST_KEY_UIMainStoryboardFile = Main;
				INFOPLIST_KEY_UISupportedInterfaceOrientations_iPad = "UIInterfaceOrientationPortrait UIInterfaceOrientationPortraitUpsideDown UIInterfaceOrientationLandscapeLeft UIInterfaceOrientationLandscapeRight";
				INFOPLIST_KEY_UISupportedInterfaceOrientations_iPhone = "UIInterfaceOrientationPortrait UIInterfaceOrientationLandscapeLeft UIInterfaceOrientationLandscapeRight";
				LD_RUNPATH_SEARCH_PATHS = (
					"$(inherited)",
					"@executable_path/Frameworks",
				);
				MARKETING_VERSION = 1.0.0;
				PRODUCT_BUNDLE_IDENTIFIER = com.jasman.Todoey;
				PRODUCT_NAME = "$(TARGET_NAME)";
				SWIFT_EMIT_LOC_STRINGS = YES;
				SWIFT_VERSION = 5.0;
				TARGETED_DEVICE_FAMILY = "1,2";
			};
			name = Release;
		};
		B9C0496D293C551B00B8175F /* Debug */ = {
			isa = XCBuildConfiguration;
			buildSettings = {
				ALWAYS_EMBED_SWIFT_STANDARD_LIBRARIES = YES;
				BUNDLE_LOADER = "$(TEST_HOST)";
				CODE_SIGN_STYLE = Automatic;
				CURRENT_PROJECT_VERSION = 1;
				DEVELOPMENT_TEAM = F2UW7L4Q5P;
				GENERATE_INFOPLIST_FILE = YES;
				IPHONEOS_DEPLOYMENT_TARGET = 15.5;
				MARKETING_VERSION = 1.0;
				PRODUCT_BUNDLE_IDENTIFIER = com.jasman.TodoeyTests;
				PRODUCT_NAME = "$(TARGET_NAME)";
				SWIFT_EMIT_LOC_STRINGS = NO;
				SWIFT_VERSION = 5.0;
				TARGETED_DEVICE_FAMILY = "1,2";
				TEST_HOST = "$(BUILT_PRODUCTS_DIR)/Todoey.app/Todoey";
			};
			name = Debug;
		};
		B9C0496E293C551B00B8175F /* Release */ = {
			isa = XCBuildConfiguration;
			buildSettings = {
				ALWAYS_EMBED_SWIFT_STANDARD_LIBRARIES = YES;
				BUNDLE_LOADER = "$(TEST_HOST)";
				CODE_SIGN_STYLE = Automatic;
				CURRENT_PROJECT_VERSION = 1;
				DEVELOPMENT_TEAM = F2UW7L4Q5P;
				GENERATE_INFOPLIST_FILE = YES;
				IPHONEOS_DEPLOYMENT_TARGET = 15.5;
				MARKETING_VERSION = 1.0;
				PRODUCT_BUNDLE_IDENTIFIER = com.jasman.TodoeyTests;
				PRODUCT_NAME = "$(TARGET_NAME)";
				SWIFT_EMIT_LOC_STRINGS = NO;
				SWIFT_VERSION = 5.0;
				TARGETED_DEVICE_FAMILY = "1,2";
				TEST_HOST = "$(BUILT_PRODUCTS_DIR)/Todoey.app/Todoey";
			};
			name = Release;
		};
		B9C04970293C551B00B8175F /* Debug */ = {
			isa = XCBuildConfiguration;
			buildSettings = {
				ALWAYS_EMBED_SWIFT_STANDARD_LIBRARIES = YES;
				CODE_SIGN_STYLE = Automatic;
				CURRENT_PROJECT_VERSION = 1;
				DEVELOPMENT_TEAM = F2UW7L4Q5P;
				GENERATE_INFOPLIST_FILE = YES;
				MARKETING_VERSION = 1.0;
				PRODUCT_BUNDLE_IDENTIFIER = com.jasman.TodoeyUITests;
				PRODUCT_NAME = "$(TARGET_NAME)";
				SWIFT_EMIT_LOC_STRINGS = NO;
				SWIFT_VERSION = 5.0;
				TARGETED_DEVICE_FAMILY = "1,2";
				TEST_TARGET_NAME = Todoey;
			};
			name = Debug;
		};
		B9C04971293C551B00B8175F /* Release */ = {
			isa = XCBuildConfiguration;
			buildSettings = {
				ALWAYS_EMBED_SWIFT_STANDARD_LIBRARIES = YES;
				CODE_SIGN_STYLE = Automatic;
				CURRENT_PROJECT_VERSION = 1;
				DEVELOPMENT_TEAM = F2UW7L4Q5P;
				GENERATE_INFOPLIST_FILE = YES;
				MARKETING_VERSION = 1.0;
				PRODUCT_BUNDLE_IDENTIFIER = com.jasman.TodoeyUITests;
				PRODUCT_NAME = "$(TARGET_NAME)";
				SWIFT_EMIT_LOC_STRINGS = NO;
				SWIFT_VERSION = 5.0;
				TARGETED_DEVICE_FAMILY = "1,2";
				TEST_TARGET_NAME = Todoey;
			};
			name = Release;
		};
/* End XCBuildConfiguration section */

/* Begin XCConfigurationList section */
		B9C0493A293C551900B8175F /* Build configuration list for PBXProject "Todoey" */ = {
			isa = XCConfigurationList;
			buildConfigurations = (
				B9C04967293C551B00B8175F /* Debug */,
				B9C04968293C551B00B8175F /* Release */,
			);
			defaultConfigurationIsVisible = 0;
			defaultConfigurationName = Release;
		};
		B9C04969293C551B00B8175F /* Build configuration list for PBXNativeTarget "Todoey" */ = {
			isa = XCConfigurationList;
			buildConfigurations = (
				B9C0496A293C551B00B8175F /* Debug */,
				B9C0496B293C551B00B8175F /* Release */,
			);
			defaultConfigurationIsVisible = 0;
			defaultConfigurationName = Release;
		};
		B9C0496C293C551B00B8175F /* Build configuration list for PBXNativeTarget "TodoeyTests" */ = {
			isa = XCConfigurationList;
			buildConfigurations = (
				B9C0496D293C551B00B8175F /* Debug */,
				B9C0496E293C551B00B8175F /* Release */,
			);
			defaultConfigurationIsVisible = 0;
			defaultConfigurationName = Release;
		};
		B9C0496F293C551B00B8175F /* Build configuration list for PBXNativeTarget "TodoeyUITests" */ = {
			isa = XCConfigurationList;
			buildConfigurations = (
				B9C04970293C551B00B8175F /* Debug */,
				B9C04971293C551B00B8175F /* Release */,
			);
			defaultConfigurationIsVisible = 0;
			defaultConfigurationName = Release;
		};
/* End XCConfigurationList section */
	};
	rootObject = B9C04937293C551900B8175F /* Project object */;
}
